
Microsoft Visual Studio Solution File, Format Version 12.00
# Visual Studio Version 16
VisualStudioVersion = 16.0.31911.196
MinimumVisualStudioVersion = 10.0.40219.1
Project("{FAE04EC0-301F-11D3-BF4B-00C04F79EFBC}") = "Otomasyon", "Otomasyon.csproj", "{02C3FB05-F3C6-48C5-9D3F-1BA17D79D185}"
EndProject
Global
	GlobalSection(SolutionConfigurationPlatforms) = preSolution
		Debug|Any CPU = Debug|Any CPU
		Release|Any CPU = Release|Any CPU
	EndGlobalSection
	GlobalSection(ProjectConfigurationPlatforms) = postSolution
		{02C3FB05-F3C6-48C5-9D3F-1BA17D79D185}.Debug|Any CPU.ActiveCfg = Debug|Any CPU
		{02C3FB05-F3C6-48C5-9D3F-1BA17D79D185}.Debug|Any CPU.Build.0 = Debug|Any CPU
		{02C3FB05-F3C6-48C5-9D3F-1BA17D79D185}.Release|Any CPU.ActiveCfg = Release|Any CPU
		{02C3FB05-F3C6-48C5-9D3F-1BA17D79D185}.Release|Any CPU.Build.0 = Release|Any CPU
	EndGlobalSection
	GlobalSection(SolutionProperties) = preSolution
		HideSolutionNode = FALSE
	EndGlobalSection
	GlobalSection(ExtensibilityGlobals) = postSolution
		SolutionGuid = {1BC2F6E0-75D6-4E2E-B394-AADD1E38D8EF}
	EndGlobalSection
EndGlobal
